
Microsoft Visual Studio Solution File, Format Version 12.00
# Visual Studio 2012
Project("{FAE04EC0-301F-11D3-BF4B-00C04F79EFBC}") = "SqlCommon", "SqlCommon\SqlCommon.csproj", "{E7E6CB74-01A3-42F2-896A-C49DD83B408A}"
EndProject
Project("{FAE04EC0-301F-11D3-BF4B-00C04F79EFBC}") = "Modles", "Modles\Modles.csproj", "{06042762-BD1A-4659-B368-DCF540CEE690}"
EndProject
Project("{FAE04EC0-301F-11D3-BF4B-00C04F79EFBC}") = "DBHelp", "DBHelp\DBHelp.csproj", "{AC580058-A176-4F09-88B5-CD4ABEC46838}"
EndProject
Project("{FAE04EC0-301F-11D3-BF4B-00C04F79EFBC}") = "SSCService03", "SSCService03\SSCService03.csproj", "{74CE4382-D9C6-41F6-A655-CA9F553B7097}"
EndProject
Project("{FAE04EC0-301F-11D3-BF4B-00C04F79EFBC}") = "SSCService02", "SSCService02\SSCService02.csproj", "{F2A74189-4E7B-4BAD-A98E-03FA80809079}"
EndProject
Project("{FAE04EC0-301F-11D3-BF4B-00C04F79EFBC}") = "SSCCommon", "SSCCommon\SSCCommon.csproj", "{A8801E98-9365-499A-BDB0-3AD4B331CC53}"
EndProject
Project("{FAE04EC0-301F-11D3-BF4B-00C04F79EFBC}") = "ShiShiCai", "ShiShiCai\ShiShiCai.csproj", "{0CEB54FB-1EBA-40DF-BCF9-2CD8C0E82DC0}"
EndProject
Project("{FAE04EC0-301F-11D3-BF4B-00C04F79EFBC}") = "AlarmService", "AlarmService\AlarmService\AlarmService.csproj", "{6C1C172C-2B34-4F01-8CCF-EDE8DA67D687}"
EndProject
Project("{FAE04EC0-301F-11D3-BF4B-00C04F79EFBC}") = "ConsoleApplication1", "ConsoleApplication1\ConsoleApplication1.csproj", "{3349C0D7-4845-4630-8C18-C9651AB10554}"
EndProject
Global
	GlobalSection(SolutionConfigurationPlatforms) = preSolution
		Debug|Any CPU = Debug|Any CPU
		Release|Any CPU = Release|Any CPU
	EndGlobalSection
	GlobalSection(ProjectConfigurationPlatforms) = postSolution
		{E7E6CB74-01A3-42F2-896A-C49DD83B408A}.Debug|Any CPU.ActiveCfg = Debug|Any CPU
		{E7E6CB74-01A3-42F2-896A-C49DD83B408A}.Debug|Any CPU.Build.0 = Debug|Any CPU
		{E7E6CB74-01A3-42F2-896A-C49DD83B408A}.Release|Any CPU.ActiveCfg = Release|Any CPU
		{E7E6CB74-01A3-42F2-896A-C49DD83B408A}.Release|Any CPU.Build.0 = Release|Any CPU
		{06042762-BD1A-4659-B368-DCF540CEE690}.Debug|Any CPU.ActiveCfg = Debug|Any CPU
		{06042762-BD1A-4659-B368-DCF540CEE690}.Debug|Any CPU.Build.0 = Debug|Any CPU
		{06042762-BD1A-4659-B368-DCF540CEE690}.Release|Any CPU.ActiveCfg = Release|Any CPU
		{06042762-BD1A-4659-B368-DCF540CEE690}.Release|Any CPU.Build.0 = Release|Any CPU
		{AC580058-A176-4F09-88B5-CD4ABEC46838}.Debug|Any CPU.ActiveCfg = Debug|Any CPU
		{AC580058-A176-4F09-88B5-CD4ABEC46838}.Debug|Any CPU.Build.0 = Debug|Any CPU
		{AC580058-A176-4F09-88B5-CD4ABEC46838}.Release|Any CPU.ActiveCfg = Release|Any CPU
		{AC580058-A176-4F09-88B5-CD4ABEC46838}.Release|Any CPU.Build.0 = Release|Any CPU
		{74CE4382-D9C6-41F6-A655-CA9F553B7097}.Debug|Any CPU.ActiveCfg = Debug|Any CPU
		{74CE4382-D9C6-41F6-A655-CA9F553B7097}.Debug|Any CPU.Build.0 = Debug|Any CPU
		{74CE4382-D9C6-41F6-A655-CA9F553B7097}.Release|Any CPU.ActiveCfg = Release|Any CPU
		{74CE4382-D9C6-41F6-A655-CA9F553B7097}.Release|Any CPU.Build.0 = Release|Any CPU
		{F2A74189-4E7B-4BAD-A98E-03FA80809079}.Debug|Any CPU.ActiveCfg = Debug|Any CPU
		{F2A74189-4E7B-4BAD-A98E-03FA80809079}.Debug|Any CPU.Build.0 = Debug|Any CPU
		{F2A74189-4E7B-4BAD-A98E-03FA80809079}.Release|Any CPU.ActiveCfg = Release|Any CPU
		{F2A74189-4E7B-4BAD-A98E-03FA80809079}.Release|Any CPU.Build.0 = Release|Any CPU
		{A8801E98-9365-499A-BDB0-3AD4B331CC53}.Debug|Any CPU.ActiveCfg = Debug|Any CPU
		{A8801E98-9365-499A-BDB0-3AD4B331CC53}.Debug|Any CPU.Build.0 = Debug|Any CPU
		{A8801E98-9365-499A-BDB0-3AD4B331CC53}.Release|Any CPU.ActiveCfg = Release|Any CPU
		{A8801E98-9365-499A-BDB0-3AD4B331CC53}.Release|Any CPU.Build.0 = Release|Any CPU
		{0CEB54FB-1EBA-40DF-BCF9-2CD8C0E82DC0}.Debug|Any CPU.ActiveCfg = Debug|Any CPU
		{0CEB54FB-1EBA-40DF-BCF9-2CD8C0E82DC0}.Debug|Any CPU.Build.0 = Debug|Any CPU
		{0CEB54FB-1EBA-40DF-BCF9-2CD8C0E82DC0}.Release|Any CPU.ActiveCfg = Release|Any CPU
		{0CEB54FB-1EBA-40DF-BCF9-2CD8C0E82DC0}.Release|Any CPU.Build.0 = Release|Any CPU
		{6C1C172C-2B34-4F01-8CCF-EDE8DA67D687}.Debug|Any CPU.ActiveCfg = Debug|Any CPU
		{6C1C172C-2B34-4F01-8CCF-EDE8DA67D687}.Debug|Any CPU.Build.0 = Debug|Any CPU
		{6C1C172C-2B34-4F01-8CCF-EDE8DA67D687}.Release|Any CPU.ActiveCfg = Release|Any CPU
		{6C1C172C-2B34-4F01-8CCF-EDE8DA67D687}.Release|Any CPU.Build.0 = Release|Any CPU
		{3349C0D7-4845-4630-8C18-C9651AB10554}.Debug|Any CPU.ActiveCfg = Debug|Any CPU
		{3349C0D7-4845-4630-8C18-C9651AB10554}.Debug|Any CPU.Build.0 = Debug|Any CPU
		{3349C0D7-4845-4630-8C18-C9651AB10554}.Release|Any CPU.ActiveCfg = Release|Any CPU
		{3349C0D7-4845-4630-8C18-C9651AB10554}.Release|Any CPU.Build.0 = Release|Any CPU
	EndGlobalSection
	GlobalSection(SolutionProperties) = preSolution
		HideSolutionNode = FALSE
	EndGlobalSection
EndGlobal
